version = 1
revision = 2
requires-python = ">=3.10"

[[package]]
name = "click"
version = "8.2.1"
source = { registry = "https://pypi.org/simple" }
dependencies = [
    { name = "colorama", marker = "sys_platform == 'win32'" },
]
sdist = { url = "https://files.pythonhosted.org/packages/60/6c/8ca2efa64cf75a977a0d7fac081354553ebe483345c734fb6b6515d96bbc/click-8.2.1.tar.gz", hash = "sha256:27c491cc05d968d271d5a1db13e3b5a184636d9d930f148c50b038f0d0646202", size = 286342, upload-time = "2025-05-20T23:19:49.832Z" }
wheels = [
    { url = "https://files.pythonhosted.org/packages/85/32/10bb5764d90a8eee674e9dc6f4db6a0ab47c8c4d0d83c27f7c39ac415a4d/click-8.2.1-py3-none-any.whl", hash = "sha256:61a3265b914e850b85317d0b3109c7f8cd35a670f963866005d6ef1d5175a12b", size = 102215, upload-time = "2025-05-20T23:19:47.796Z" },
]

[[package]]
name = "colorama"
version = "0.4.6"
source = { registry = "https://pypi.org/simple" }
sdist = { url = "https://files.pythonhosted.org/packages/d8/53/6f443c9a4a8358a93a6792e2acffb9d9d5cb0a5cfd8802644b7b1c9a02e4/colorama-0.4.6.tar.gz", hash = "sha256:08695f5cb7ed6e0531a20572697297273c47b8cae5a63ffc6d6ed5c201be6e44", size = 27697, upload-time = "2022-10-25T02:36:22.414Z" }
wheels = [
    { url = "https://files.pythonhosted.org/packages/d1/d6/3965ed04c63042e047cb6a3e6ed1a63a35087b6a609aa3a15ed8ac56c221/colorama-0.4.6-py2.py3-none-any.whl", hash = "sha256:4f1d9991f5acc0ca119f9d443620b77f9d6b33703e51011c16baf57afb285fc6", size = 25335, upload-time = "2022-10-25T02:36:20.889Z" },
]

[[package]]
name = "markdown-it-py"
version = "4.0.0"
source = { registry = "https://pypi.org/simple" }
dependencies = [
    { name = "mdurl" },
]
sdist = { url = "https://files.pythonhosted.org/packages/5b/f5/4ec618ed16cc4f8fb3b701563655a69816155e79e24a17b651541804721d/markdown_it_py-4.0.0.tar.gz", hash = "sha256:cb0a2b4aa34f932c007117b194e945bd74e0ec24133ceb5bac59009cda1cb9f3", size = 73070, upload-time = "2025-08-11T12:57:52.854Z" }
wheels = [
    { url = "https://files.pythonhosted.org/packages/94/54/e7d793b573f298e1c9013b8c4dade17d481164aa517d1d7148619c2cedbf/markdown_it_py-4.0.0-py3-none-any.whl", hash = "sha256:87327c59b172c5011896038353a81343b6754500a08cd7a4973bb48c6d578147", size = 87321, upload-time = "2025-08-11T12:57:51.923Z" },
]

[[package]]
name = "mdurl"
version = "0.1.2"
source = { registry = "https://pypi.org/simple" }
sdist = { url = "https://files.pythonhosted.org/packages/d6/54/cfe61301667036ec958cb99bd3efefba235e65cdeb9c84d24a8293ba1d90/mdurl-0.1.2.tar.gz", hash = "sha256:bb413d29f5eea38f31dd4754dd7377d4465116fb207585f97bf925588687c1ba", size = 8729, upload-time = "2022-08-14T12:40:10.846Z" }
wheels = [
    { url = "https://files.pythonhosted.org/packages/b3/38/89ba8ad64ae25be8de66a6d463314cf1eb366222074cfda9ee839c56a4b4/mdurl-0.1.2-py3-none-any.whl", hash = "sha256:84008a41e51615a49fc9966191ff91509e3c40b939176e643fd50a5c2196b8f8", size = 9979, upload-time = "2022-08-14T12:40:09.779Z" },
]

[[package]]
name = "pygments"
version = "2.19.2"
source = { registry = "https://pypi.org/simple" }
sdist = { url = "https://files.pythonhosted.org/packages/b0/77/a5b8c569bf593b0140bde72ea885a803b82086995367bf2037de0159d924/pygments-2.19.2.tar.gz", hash = "sha256:636cb2477cec7f8952536970bc533bc43743542f70392ae026374600add5b887", size = 4968631, upload-time = "2025-06-21T13:39:12.283Z" }
wheels = [
    { url = "https://files.pythonhosted.org/packages/c7/21/705964c7812476f378728bdf590ca4b771ec72385c533964653c68e86bdc/pygments-2.19.2-py3-none-any.whl", hash = "sha256:86540386c03d588bb81d44bc3928634ff26449851e99741617ecb9037ee5ec0b", size = 1225217, upload-time = "2025-06-21T13:39:07.939Z" },
]

[[package]]
name = "rich"
version = "14.1.0"
source = { registry = "https://pypi.org/simple" }
dependencies = [
    { name = "markdown-it-py" },
    { name = "pygments" },
]
sdist = { url = "https://files.pythonhosted.org/packages/fe/75/af448d8e52bf1d8fa6a9d089ca6c07ff4453d86c65c145d0a300bb073b9b/rich-14.1.0.tar.gz", hash = "sha256:e497a48b844b0320d45007cdebfeaeed8db2a4f4bcf49f15e455cfc4af11eaa8", size = 224441, upload-time = "2025-07-25T07:32:58.125Z" }
wheels = [
    { url = "https://files.pythonhosted.org/packages/e3/30/3c4d035596d3cf444529e0b2953ad0466f6049528a879d27534700580395/rich-14.1.0-py3-none-any.whl", hash = "sha256:536f5f1785986d6dbdea3c75205c473f970777b4a0d6c6dd1b696aa05a3fa04f", size = 243368, upload-time = "2025-07-25T07:32:56.73Z" },
]

[[package]]
name = "sh"
version = "2.2.2"
source = { registry = "https://pypi.org/simple" }
sdist = { url = "https://files.pythonhosted.org/packages/59/52/f43920223c93e31874677c681b8603d36a40d3d8502d3a37f80d3995d43e/sh-2.2.2.tar.gz", hash = "sha256:653227a7c41a284ec5302173fbc044ee817c7bad5e6e4d8d55741b9aeb9eb65b", size = 345866, upload-time = "2025-02-24T07:16:25.363Z" }
wheels = [
    { url = "https://files.pythonhosted.org/packages/70/98/d82f14ac7ffedbd38dfa2383f142b26d18d23ca6cf35a40f4af60df666bd/sh-2.2.2-py3-none-any.whl", hash = "sha256:e0b15b4ae8ffcd399bc8ffddcbd770a43c7a70a24b16773fbb34c001ad5d52af", size = 38295, upload-time = "2025-02-24T07:16:23.782Z" },
]

[[package]]
name = "shellingham"
version = "1.5.4"
source = { registry = "https://pypi.org/simple" }
sdist = { url = "https://files.pythonhosted.org/packages/58/15/8b3609fd3830ef7b27b655beb4b4e9c62313a4e8da8c676e142cc210d58e/shellingham-1.5.4.tar.gz", hash = "sha256:8dbca0739d487e5bd35ab3ca4b36e11c4078f3a234bfce294b0a0291363404de", size = 10310, upload-time = "2023-10-24T04:13:40.426Z" }
wheels = [
    { url = "https://files.pythonhosted.org/packages/e0/f9/0595336914c5619e5f28a1fb793285925a8cd4b432c9da0a987836c7f822/shellingham-1.5.4-py2.py3-none-any.whl", hash = "sha256:7ecfff8f2fd72616f7481040475a65b2bf8af90a56c89140852d1120324e8686", size = 9755, upload-time = "2023-10-24T04:13:38.866Z" },
]

[[package]]
name = "shipit-cli"
version = "0.1.0"
source = { editable = "." }
dependencies = [
    { name = "rich" },
    { name = "sh" },
    { name = "starlark-pyo3" },
    { name = "tomlkit" },
    { name = "typer" },
]

[package.metadata]
requires-dist = [
    { name = "rich", specifier = ">=14.1.0" },
    { name = "sh", specifier = ">=2.2.2" },
    { name = "starlark-pyo3", specifier = ">=2025.1" },
    { name = "tomlkit", specifier = ">=0.13.3" },
    { name = "typer", specifier = ">=0.16.1" },
]

[[package]]
name = "starlark-pyo3"
version = "2025.1"
source = { registry = "https://pypi.org/simple" }
sdist = { url = "https://files.pythonhosted.org/packages/5a/93/738902907b96fcfcfe818b640b35f0755ab84c9c650f3d6c0598cd580e19/starlark_pyo3-2025.1.tar.gz", hash = "sha256:f575157d3e734b6b6b816cdb7cb77085052616477106d6dbfd740338887b8166", size = 28781, upload-time = "2025-04-07T17:42:35.36Z" }
wheels = [
    { url = "https://files.pythonhosted.org/packages/05/b4/fc57380056df366ac351da6a79865a4e9aa0cddc44c9bc23d6f38dc12fb5/starlark_pyo3-2025.1-cp310-cp310-manylinux_2_17_aarch64.manylinux2014_aarch64.whl", hash = "sha256:1e7ea0510d05c03232be4ea84fb410846be25f460111aad85b2165ef774e8184", size = 3174569, upload-time = "2025-04-07T17:41:43.652Z" },
    { url = "https://files.pythonhosted.org/packages/2c/54/22c9b5b682a2721fc0d928876bc7c53da61e73a6bba809338e6bef7f1f97/starlark_pyo3-2025.1-cp310-cp310-manylinux_2_17_armv7l.manylinux2014_armv7l.whl", hash = "sha256:8e0435b3c77631347ca656e2d6195a8884e0436bc311a5a8e2afe8173ab7fee0", size = 3006818, upload-time = "2025-04-07T17:41:45.546Z" },
    { url = "https://files.pythonhosted.org/packages/dc/65/cbefe4a8a6deee131d22d24e99316b0ba399af2e192a475238e30538969a/starlark_pyo3-2025.1-cp310-cp310-manylinux_2_17_x86_64.manylinux2014_x86_64.whl", hash = "sha256:e800e5f53c3c2a581954c0086d28ccd6b42cfe456d94d1799a9926835478395a", size = 3280505, upload-time = "2025-04-07T17:41:47.716Z" },
    { url = "https://files.pythonhosted.org/packages/e6/d4/1b217822cf9f75f1556058228dde27af5f46d80be960ce414d8fca9fa3d7/starlark_pyo3-2025.1-cp310-cp310-win_amd64.whl", hash = "sha256:0078fc945e104a2f93a3bd200427490d85ab31d349a8b51a5abddadb85550ac9", size = 2342267, upload-time = "2025-04-07T17:41:49.448Z" },
    { url = "https://files.pythonhosted.org/packages/78/90/c892905fcdb0152867e3642b586c21696466cb848f38d2b980b78a2e7949/starlark_pyo3-2025.1-cp311-cp311-macosx_11_0_arm64.whl", hash = "sha256:837ae3e708be6723d76847457c59568cf1582c619642542d7d561ac48ffe6ccc", size = 2744552, upload-time = "2025-04-07T17:41:51.299Z" },
    { url = "https://files.pythonhosted.org/packages/f8/c6/c881abe3954e1c710e91f7ba0f385c789160b624413e773908ee4854d78f/starlark_pyo3-2025.1-cp311-cp311-manylinux_2_17_aarch64.manylinux2014_aarch64.whl", hash = "sha256:2f1cfe464bba2fb170e0cef8757e721f4f6a2002bc44d04ae629fba90a326c3f", size = 3174635, upload-time = "2025-04-07T17:41:53.462Z" },
    { url = "https://files.pythonhosted.org/packages/20/23/728d94310daa010465ffd1a127063f68fbfc8d0f8df7121935d860bd8500/starlark_pyo3-2025.1-cp311-cp311-manylinux_2_17_armv7l.manylinux2014_armv7l.whl", hash = "sha256:83341277754a0c8d28ec8e1d9ac0dfea4c6b7c526b5b7820f6c8ff1f84550dbc", size = 3007442, upload-time = "2025-04-07T17:41:55.666Z" },
    { url = "https://files.pythonhosted.org/packages/47/e1/f7365305e0b64cc022f1d80f61a45328119ec2e236e37f32138646166e8f/starlark_pyo3-2025.1-cp311-cp311-manylinux_2_17_x86_64.manylinux2014_x86_64.whl", hash = "sha256:20047177abb0200c15f4558840d11b57749e8314d2912d146064a034fc2b6039", size = 3280511, upload-time = "2025-04-07T17:41:57.785Z" },
    { url = "https://files.pythonhosted.org/packages/d8/1a/9ee1cb00af9103b4fcc67341eba43a98ea451d58810f4e3d1683c0b5ce0d/starlark_pyo3-2025.1-cp311-cp311-win_amd64.whl", hash = "sha256:652970194bbf77c848591d3709864600c013baffab3399747920fd1bfebb99a1", size = 2342432, upload-time = "2025-04-07T17:41:59.825Z" },
    { url = "https://files.pythonhosted.org/packages/1f/2b/8151bcda33b8297d997a481d51c6f5646bd3343168c5768b2097c14e5a38/starlark_pyo3-2025.1-cp312-cp312-macosx_11_0_arm64.whl", hash = "sha256:650bd5ae2b83cf5532dfc2407a19dd85a835dd5d1a272b21ef74ec6a4685dc78", size = 2741147, upload-time = "2025-04-07T17:42:02.091Z" },
    { url = "https://files.pythonhosted.org/packages/99/57/f50767fbde16347eacf4d5f779703cca99053813606bc931be0626156a61/starlark_pyo3-2025.1-cp312-cp312-manylinux_2_17_aarch64.manylinux2014_aarch64.whl", hash = "sha256:2c0e505cc54a2bd0bf8a47fd1b8bf26b31c9c106dfd60e5a0feaa048b9860913", size = 3172693, upload-time = "2025-04-07T17:42:04.311Z" },
    { url = "https://files.pythonhosted.org/packages/63/b4/7b7d82342e619d1141ff7bbebb0e6559906ea16522643feda022e32d1092/starlark_pyo3-2025.1-cp312-cp312-manylinux_2_17_armv7l.manylinux2014_armv7l.whl", hash = "sha256:d9809bb8d2bde966eb2f63d2412b5c628f12e8e1126abbfacb172301d44fea94", size = 3005152, upload-time = "2025-04-07T17:42:06.411Z" },
    { url = "https://files.pythonhosted.org/packages/02/f6/b0b93d774ad40cf1f3cbf305072ce052af669426bf2d52d90da250a8c920/starlark_pyo3-2025.1-cp312-cp312-manylinux_2_17_x86_64.manylinux2014_x86_64.whl", hash = "sha256:e781919442732ec17b51358bcdac02b4162f0b708fa0cfe332d4676ecf7b6760", size = 3278352, upload-time = "2025-04-07T17:42:08.509Z" },
    { url = "https://files.pythonhosted.org/packages/3d/99/0515eea1c4ede468a7599cfbf92c657fbd34f1eb460c205022194fde5326/starlark_pyo3-2025.1-cp312-cp312-win_amd64.whl", hash = "sha256:08fbdb33d10118684b3d1834a732fed32c4cd76ce18041249a4d5dd10f913809", size = 2343360, upload-time = "2025-04-07T17:42:10.815Z" },
    { url = "https://files.pythonhosted.org/packages/4e/8b/3cd85c8f16ab44da1a71201c16b5856fa2ec8e428ddecacf4497403c8b53/starlark_pyo3-2025.1-cp313-cp313-macosx_11_0_arm64.whl", hash = "sha256:b2bc3842041cae6888783a97999c2d2dd4a1e211f23478f331e934c549927f5d", size = 2740760, upload-time = "2025-04-07T17:42:12.728Z" },
    { url = "https://files.pythonhosted.org/packages/e0/0d/e5ff92e6f2fdde4d39ad2417036a08b644961676f26116f305b8207fddd5/starlark_pyo3-2025.1-cp313-cp313-manylinux_2_17_aarch64.manylinux2014_aarch64.whl", hash = "sha256:0d16927a025e9b8ce716ec0f6fb05ec9cd2653d765f5207e2bac9742255c782a", size = 3172709, upload-time = "2025-04-07T17:42:14.826Z" },
    { url = "https://files.pythonhosted.org/packages/65/22/00fceae6fd788d0d38642e384bf2388d14cb4fddd78916ec261938117451/starlark_pyo3-2025.1-cp313-cp313-manylinux_2_17_armv7l.manylinux2014_armv7l.whl", hash = "sha256:67309075565d558360134444813e360e944c0a7b3da020c634b9558181fc0838", size = 3004787, upload-time = "2025-04-07T17:42:16.562Z" },
    { url = "https://files.pythonhosted.org/packages/06/19/cc15f42743aa2622a486b50329fe3fc3098d31d0e4fa0e608e23987a664a/starlark_pyo3-2025.1-cp313-cp313-manylinux_2_17_x86_64.manylinux2014_x86_64.whl", hash = "sha256:338aa14a2bee640121c9718a3d6e683404c3e535b3c6617a565bdb576e6ae4a6", size = 3277713, upload-time = "2025-04-07T17:42:18.448Z" },
    { url = "https://files.pythonhosted.org/packages/8c/98/fecfa2cc905ade585bf155e328be684f9f388f916c1ba00b9db51e74fc16/starlark_pyo3-2025.1-cp313-cp313-win_amd64.whl", hash = "sha256:639e58128e1391eacfa21976ec93aad7481063b28e4a1febae23bb00e4ddbdda", size = 2342914, upload-time = "2025-04-07T17:42:20.272Z" },
    { url = "https://files.pythonhosted.org/packages/3e/f7/832075b3969a6702a792f9c979bf516c075a950a7f4dc0ed3a3530d20935/starlark_pyo3-2025.1-pp310-pypy310_pp73-manylinux_2_17_x86_64.manylinux2014_x86_64.whl", hash = "sha256:a92d51c7db524cc0f3d81776b5aee626c76ffad57426f8a128381c98c53e3c03", size = 3279247, upload-time = "2025-04-07T17:42:31.577Z" },
    { url = "https://files.pythonhosted.org/packages/16/68/7d06b46629ca6492e32cc4fe4ce39b91f7bdba7a20b5d8c5f0f498829d08/starlark_pyo3-2025.1-pp311-pypy311_pp73-manylinux_2_17_x86_64.manylinux2014_x86_64.whl", hash = "sha256:17f1d82612742ad9cdd7b3b3f6f367c785002c0849054592d326b21adca0144e", size = 3279034, upload-time = "2025-04-07T17:42:33.353Z" },
]

[[package]]
name = "tomlkit"
version = "0.13.3"
source = { registry = "https://pypi.org/simple" }
sdist = { url = "https://files.pythonhosted.org/packages/cc/18/0bbf3884e9eaa38819ebe46a7bd25dcd56b67434402b66a58c4b8e552575/tomlkit-0.13.3.tar.gz", hash = "sha256:430cf247ee57df2b94ee3fbe588e71d362a941ebb545dec29b53961d61add2a1", size = 185207, upload-time = "2025-06-05T07:13:44.947Z" }
wheels = [
    { url = "https://files.pythonhosted.org/packages/bd/75/8539d011f6be8e29f339c42e633aae3cb73bffa95dd0f9adec09b9c58e85/tomlkit-0.13.3-py3-none-any.whl", hash = "sha256:c89c649d79ee40629a9fda55f8ace8c6a1b42deb912b2a8fd8d942ddadb606b0", size = 38901, upload-time = "2025-06-05T07:13:43.546Z" },
]

[[package]]
name = "typer"
version = "0.16.1"
source = { registry = "https://pypi.org/simple" }
dependencies = [
    { name = "click" },
    { name = "rich" },
    { name = "shellingham" },
    { name = "typing-extensions" },
]
sdist = { url = "https://files.pythonhosted.org/packages/43/78/d90f616bf5f88f8710ad067c1f8705bf7618059836ca084e5bb2a0855d75/typer-0.16.1.tar.gz", hash = "sha256:d358c65a464a7a90f338e3bb7ff0c74ac081449e53884b12ba658cbd72990614", size = 102836, upload-time = "2025-08-18T19:18:22.898Z" }
wheels = [
    { url = "https://files.pythonhosted.org/packages/2d/76/06dbe78f39b2203d2a47d5facc5df5102d0561e2807396471b5f7c5a30a1/typer-0.16.1-py3-none-any.whl", hash = "sha256:90ee01cb02d9b8395ae21ee3368421faf21fa138cb2a541ed369c08cec5237c9", size = 46397, upload-time = "2025-08-18T19:18:21.663Z" },
]

[[package]]
name = "typing-extensions"
version = "4.15.0"
source = { registry = "https://pypi.org/simple" }
sdist = { url = "https://files.pythonhosted.org/packages/72/94/1a15dd82efb362ac84269196e94cf00f187f7ed21c242792a923cdb1c61f/typing_extensions-4.15.0.tar.gz", hash = "sha256:0cea48d173cc12fa28ecabc3b837ea3cf6f38c6d1136f85cbaaf598984861466", size = 109391, upload-time = "2025-08-25T13:49:26.313Z" }
wheels = [
    { url = "https://files.pythonhosted.org/packages/18/67/36e9267722cc04a6b9f15c7f3441c2363321a3ea07da7ae0c0707beb2a9c/typing_extensions-4.15.0-py3-none-any.whl", hash = "sha256:f0fa19c6845758ab08074a0cfa8b7aecb71c999ca73d62883bc25cc018c4e548", size = 44614, upload-time = "2025-08-25T13:49:24.86Z" },
]
